
Microsoft Visual Studio Solution File, Format Version 12.00
Project("{FAE04EC0-301F-11D3-BF4B-00C04F79EFBC}") = "PNL Analysis Project", "PNL Analysis Project\PNL Analysis Project.csproj", "{AED9CD35-50B7-43AD-88EF-48663F2F092F}"
EndProject
Global
	GlobalSection(SolutionConfigurationPlatforms) = preSolution
		Debug|Any CPU = Debug|Any CPU
		Release|Any CPU = Release|Any CPU
	EndGlobalSection
	GlobalSection(ProjectConfigurationPlatforms) = postSolution
		{AED9CD35-50B7-43AD-88EF-48663F2F092F}.Debug|Any CPU.ActiveCfg = Debug|Any CPU
		{AED9CD35-50B7-43AD-88EF-48663F2F092F}.Debug|Any CPU.Build.0 = Debug|Any CPU
		{AED9CD35-50B7-43AD-88EF-48663F2F092F}.Release|Any CPU.ActiveCfg = Release|Any CPU
		{AED9CD35-50B7-43AD-88EF-48663F2F092F}.Release|Any CPU.Build.0 = Release|Any CPU
	EndGlobalSection
EndGlobal
